
Microsoft Visual Studio Solution File, Format Version 12.00
# Visual Studio Version 17
VisualStudioVersion = 17.5.002.0
MinimumVisualStudioVersion = 10.0.40219.1
Project("{2150E333-8FDC-42A3-9474-1A3956D46DE8}") = "tests", "tests", "{5220A6FE-9B7E-4BC9-8AE0-B95DF69A94B8}"
EndProject
Project("{9A19103F-16F7-4668-BE54-9A1E7A4F7556}") = "Prowler.IntegrationTests", "tests\Prowler.IntegrationTests\Prowler.IntegrationTests.csproj", "{0EEE6E7B-9DA7-4B65-BCE7-EF4279C1790E}"
EndProject
Global
	GlobalSection(SolutionConfigurationPlatforms) = preSolution
		Debug|Any CPU = Debug|Any CPU
		Release|Any CPU = Release|Any CPU
	EndGlobalSection
	GlobalSection(ProjectConfigurationPlatforms) = postSolution
		{0EEE6E7B-9DA7-4B65-BCE7-EF4279C1790E}.Debug|Any CPU.ActiveCfg = Debug|Any CPU
		{0EEE6E7B-9DA7-4B65-BCE7-EF4279C1790E}.Debug|Any CPU.Build.0 = Debug|Any CPU
		{0EEE6E7B-9DA7-4B65-BCE7-EF4279C1790E}.Release|Any CPU.ActiveCfg = Release|Any CPU
		{0EEE6E7B-9DA7-4B65-BCE7-EF4279C1790E}.Release|Any CPU.Build.0 = Release|Any CPU
	EndGlobalSection
	GlobalSection(SolutionProperties) = preSolution
		HideSolutionNode = FALSE
	EndGlobalSection
	GlobalSection(NestedProjects) = preSolution
		{0EEE6E7B-9DA7-4B65-BCE7-EF4279C1790E} = {5220A6FE-9B7E-4BC9-8AE0-B95DF69A94B8}
	EndGlobalSection
	GlobalSection(ExtensibilityGlobals) = postSolution
		SolutionGuid = {7F3292E9-6E02-44CC-B8A5-B5378E553E01}
	EndGlobalSection
EndGlobal
